
Microsoft Visual Studio Solution File, Format Version 12.00
# Visual Studio 15
VisualStudioVersion = 15.0.28307.960
MinimumVisualStudioVersion = 10.0.40219.1
Project("{FAE04EC0-301F-11D3-BF4B-00C04F79EFBC}") = "SampleWindowsService", "WindowsService\SampleWindowsService.csproj", "{5B7126B5-1BED-4DD7-A44B-E3774F2351AB}"
EndProject
Global
	GlobalSection(SolutionConfigurationPlatforms) = preSolution
		Debug|Any CPU = Debug|Any CPU
		Release|Any CPU = Release|Any CPU
	EndGlobalSection
	GlobalSection(ProjectConfigurationPlatforms) = postSolution
		{5B7126B5-1BED-4DD7-A44B-E3774F2351AB}.Debug|Any CPU.ActiveCfg = Debug|Any CPU
		{5B7126B5-1BED-4DD7-A44B-E3774F2351AB}.Debug|Any CPU.Build.0 = Debug|Any CPU
		{5B7126B5-1BED-4DD7-A44B-E3774F2351AB}.Release|Any CPU.ActiveCfg = Release|Any CPU
		{5B7126B5-1BED-4DD7-A44B-E3774F2351AB}.Release|Any CPU.Build.0 = Release|Any CPU
	EndGlobalSection
	GlobalSection(SolutionProperties) = preSolution
		HideSolutionNode = FALSE
	EndGlobalSection
	GlobalSection(ExtensibilityGlobals) = postSolution
		SolutionGuid = {FE7AE42D-B25D-47D1-ABBD-13C17D173AEF}
	EndGlobalSection
EndGlobal
